
Microsoft Visual Studio Solution File, Format Version 12.00
# Visual Studio 2012
# Ranorex Studio 10.1.0
VisualStudioVersion = 12.0.20827.3
MinimumVisualStudioVersion = 10.0.40219.1
Project("{2150E333-8FDC-42A3-9474-1A3956D46DE8}") = "Solution Items", "Solution Items", "{2DBF60B1-91C9-4AC0-BA0D-8D83DEC5E4F7}"
	ProjectSection(SolutionItems) = postProject
		Ranorex = .\Ranorex.rxsettings
	EndProjectSection
EndProject
Project("{FAE04EC0-301F-11D3-BF4B-00C04F79EFBC}") = "Scenario6", "Scenario6\Scenario6.csproj", "{DC2C5524-AA43-43BB-A350-DA186D63EC05}"
EndProject
Global
	GlobalSection(SolutionConfigurationPlatforms) = preSolution
		Debug|x86 = Debug|x86
		Release|x86 = Release|x86
	EndGlobalSection
	GlobalSection(ProjectConfigurationPlatforms) = postSolution
		{DC2C5524-AA43-43BB-A350-DA186D63EC05}.Debug|x86.Build.0 = Debug|x86
		{DC2C5524-AA43-43BB-A350-DA186D63EC05}.Debug|x86.ActiveCfg = Debug|x86
		{DC2C5524-AA43-43BB-A350-DA186D63EC05}.Release|x86.Build.0 = Release|x86
		{DC2C5524-AA43-43BB-A350-DA186D63EC05}.Release|x86.ActiveCfg = Release|x86
	EndGlobalSection
EndGlobal
